// !$*UTF8*$!
{
	archiveVersion = 1;
	classes = {};
	objectVersion = 56;
	objects = {

/* Begin PBXBuildFile section */
		A10000000000000000000001 /* AFMChatApp.swift in Sources */ = {isa = PBXBuildFile; fileRef = A20000000000000000000001 /* AFMChatApp.swift */; };
		A10000000000000000000002 /* ChatView.swift in Sources */ = {isa = PBXBuildFile; fileRef = A20000000000000000000002 /* ChatView.swift */; };
		A10000000000000000000003 /* MCPBridge.swift in Sources */ = {isa = PBXBuildFile; fileRef = A20000000000000000000005 /* MCPBridge.swift */; };
		A10000000000000000000004 /* Assets.xcassets in Resources */ = {isa = PBXBuildFile; fileRef = A20000000000000000000006 /* Assets.xcassets */; };
		A10000000000000000000005 /* AppSettings.swift in Sources */ = {isa = PBXBuildFile; fileRef = A20000000000000000000007 /* AppSettings.swift */; };
/* End PBXBuildFile section */

/* Begin PBXFileReference section */
		A20000000000000000000001 /* AFMChatApp.swift */ = {isa = PBXFileReference; lastKnownFileType = sourcecode.swift; path = AFMChatApp.swift; sourceTree = "<group>"; };
		A20000000000000000000002 /* ChatView.swift */ = {isa = PBXFileReference; lastKnownFileType = sourcecode.swift; path = ChatView.swift; sourceTree = "<group>"; };
		A20000000000000000000003 /* Info.plist */ = {isa = PBXFileReference; lastKnownFileType = text.plist.xml; path = Info.plist; sourceTree = "<group>"; };
		A20000000000000000000004 /* AFM Chat.app */ = {isa = PBXFileReference; explicitFileType = wrapper.application; includeInIndex = 0; path = "AFM Chat.app"; sourceTree = BUILT_PRODUCTS_DIR; };
		A20000000000000000000005 /* MCPBridge.swift */ = {isa = PBXFileReference; lastKnownFileType = sourcecode.swift; path = MCPBridge.swift; sourceTree = "<group>"; };
		A20000000000000000000006 /* Assets.xcassets */ = {isa = PBXFileReference; lastKnownFileType = folder.assetcatalog; path = Assets.xcassets; sourceTree = "<group>"; };
		A20000000000000000000007 /* AppSettings.swift */ = {isa = PBXFileReference; lastKnownFileType = sourcecode.swift; path = AppSettings.swift; sourceTree = "<group>"; };
/* End PBXFileReference section */

/* Begin PBXFrameworksBuildPhase section */
		A30000000000000000000001 /* Frameworks */ = {isa = PBXFrameworksBuildPhase; buildActionMask = 2147483647; files = (); runOnlyForDeploymentPostprocessing = 0; };
/* End PBXFrameworksBuildPhase section */

/* Begin PBXGroup section */
		A40000000000000000000001 = {
			isa = PBXGroup;
			children = (A40000000000000000000002 /* AFM Chat */, A40000000000000000000003 /* Products */);
			sourceTree = "<group>";
		};
		A40000000000000000000002 /* AFM Chat */ = {
			isa = PBXGroup;
			path = "AFM Chat";
			sourceTree = "<group>";
			children = (A20000000000000000000001 /* AFMChatApp.swift */, A20000000000000000000002 /* ChatView.swift */, A20000000000000000000005 /* MCPBridge.swift */, A20000000000000000000007 /* AppSettings.swift */, A20000000000000000000006 /* Assets.xcassets */, A20000000000000000000003 /* Info.plist */);
		};
		A40000000000000000000003 /* Products */ = {
			isa = PBXGroup;
			name = Products;
			sourceTree = "<group>";
			children = (A20000000000000000000004 /* AFM Chat.app */,);
		};
/* End PBXGroup section */

/* Begin PBXNativeTarget section */
		A50000000000000000000001 /* AFM Chat */ = {
			isa = PBXNativeTarget;
			buildConfigurationList = A60000000000000000000001 /* Build configuration list for PBXNativeTarget "AFM Chat" */;
			buildPhases = (A30000000000000000000002 /* Sources */, A30000000000000000000001 /* Frameworks */, A30000000000000000000003 /* Resources */);
			buildRules = ();
			dependencies = ();
			name = "AFM Chat";
			productName = "AFM Chat";
			productReference = A20000000000000000000004 /* AFM Chat.app */;
			productType = "com.apple.product-type.application";
		};
/* End PBXNativeTarget section */

/* Begin PBXProject section */
		A70000000000000000000001 /* Project object */ = {
			isa = PBXProject;
			attributes = {BuildIndependentTargetsInParallel = 1; LastSwiftUpdateCheck = 2700; LastUpgradeCheck = 2700; TargetAttributes = {A50000000000000000000001 = {CreatedOnToolsVersion = 27.0; }; }; };
			buildConfigurationList = A60000000000000000000002 /* Build configuration list for PBXProject "AFM Chat" */;
			compatibilityVersion = "Xcode 16.0";
			developmentRegion = de;
			hasScannedForEncodings = 0;
			knownRegions = (de, en, Base);
			mainGroup = A40000000000000000000001;
			productRefGroup = A40000000000000000000003 /* Products */;
			projectDirPath = "";
			projectRoot = "";
			targets = (A50000000000000000000001 /* AFM Chat */);
		};
/* End PBXProject section */

/* Begin PBXResourcesBuildPhase section */
		A30000000000000000000003 /* Resources */ = {isa = PBXResourcesBuildPhase; buildActionMask = 2147483647; files = (A10000000000000000000004 /* Assets.xcassets in Resources */,); runOnlyForDeploymentPostprocessing = 0; };
/* End PBXResourcesBuildPhase section */

/* Begin PBXSourcesBuildPhase section */
		A30000000000000000000002 /* Sources */ = {isa = PBXSourcesBuildPhase; buildActionMask = 2147483647; files = (A10000000000000000000001 /* AFMChatApp.swift in Sources */, A10000000000000000000002 /* ChatView.swift in Sources */, A10000000000000000000003 /* MCPBridge.swift in Sources */, A10000000000000000000005 /* AppSettings.swift in Sources */,); runOnlyForDeploymentPostprocessing = 0; };
/* End PBXSourcesBuildPhase section */

/* Begin XCBuildConfiguration section */
		A80000000000000000000001 /* Debug */ = {isa = XCBuildConfiguration; buildSettings = {ALWAYS_SEARCH_USER_PATHS = NO; ASSETCATALOG_COMPILER_APPICON_NAME = AppIcon; CODE_SIGN_STYLE = Automatic; CURRENT_PROJECT_VERSION = 1; GENERATE_INFOPLIST_FILE = NO; INFOPLIST_FILE = "AFM Chat/Info.plist"; MACOSX_DEPLOYMENT_TARGET = 27.0; MARKETING_VERSION = 1.0; PRODUCT_BUNDLE_IDENTIFIER = digital.contrango.fmchat; PRODUCT_NAME = "AFM Chat"; SDKROOT = macosx; SWIFT_EMIT_LOC_STRINGS = YES; SWIFT_VERSION = 5.0; }; name = Debug; };
		A80000000000000000000002 /* Release */ = {isa = XCBuildConfiguration; buildSettings = {ALWAYS_SEARCH_USER_PATHS = NO; ASSETCATALOG_COMPILER_APPICON_NAME = AppIcon; CODE_SIGN_STYLE = Automatic; CURRENT_PROJECT_VERSION = 1; GENERATE_INFOPLIST_FILE = NO; INFOPLIST_FILE = "AFM Chat/Info.plist"; MACOSX_DEPLOYMENT_TARGET = 27.0; MARKETING_VERSION = 1.0; PRODUCT_BUNDLE_IDENTIFIER = digital.contrango.fmchat; PRODUCT_NAME = "AFM Chat"; SDKROOT = macosx; SWIFT_EMIT_LOC_STRINGS = YES; SWIFT_VERSION = 5.0; }; name = Release; };
		A80000000000000000000003 /* Debug */ = {isa = XCBuildConfiguration; buildSettings = {ALWAYS_SEARCH_USER_PATHS = NO; MACOSX_DEPLOYMENT_TARGET = 27.0; SDKROOT = macosx; SWIFT_VERSION = 5.0; }; name = Debug; };
		A80000000000000000000004 /* Release */ = {isa = XCBuildConfiguration; buildSettings = {ALWAYS_SEARCH_USER_PATHS = NO; MACOSX_DEPLOYMENT_TARGET = 27.0; SDKROOT = macosx; SWIFT_VERSION = 5.0; }; name = Release; };
/* End XCBuildConfiguration section */

/* Begin XCConfigurationList section */
		A60000000000000000000001 /* Build configuration list for PBXNativeTarget "AFM Chat" */ = {isa = XCConfigurationList; buildConfigurations = (A80000000000000000000001 /* Debug */, A80000000000000000000002 /* Release */,); defaultConfigurationIsVisible = 0; defaultConfigurationName = Release; };
		A60000000000000000000002 /* Build configuration list for PBXProject "AFM Chat" */ = {isa = XCConfigurationList; buildConfigurations = (A80000000000000000000003 /* Debug */, A80000000000000000000004 /* Release */,); defaultConfigurationIsVisible = 0; defaultConfigurationName = Release; };
/* End XCConfigurationList section */
	};
	rootObject = A70000000000000000000001 /* Project object */;
}
